
Microsoft Visual Studio Solution File, Format Version 12.00
# Visual Studio 15
VisualStudioVersion = 15.0.28010.0
MinimumVisualStudioVersion = 10.0.40219.1
Project("{FAE04EC0-301F-11D3-BF4B-00C04F79EFBC}") = "HelloWorld", "HelloWorld\HelloWorld.csproj", "{542E62A4-CE41-4BFE-AA96-D74396F0084F}"
EndProject
Global
	GlobalSection(SolutionConfigurationPlatforms) = preSolution
		Debug|Any CPU = Debug|Any CPU
		Release|Any CPU = Release|Any CPU
	EndGlobalSection
	GlobalSection(ProjectConfigurationPlatforms) = postSolution
		{542E62A4-CE41-4BFE-AA96-D74396F0084F}.Debug|Any CPU.ActiveCfg = Debug|Any CPU
		{542E62A4-CE41-4BFE-AA96-D74396F0084F}.Debug|Any CPU.Build.0 = Debug|Any CPU
		{542E62A4-CE41-4BFE-AA96-D74396F0084F}.Release|Any CPU.ActiveCfg = Release|Any CPU
		{542E62A4-CE41-4BFE-AA96-D74396F0084F}.Release|Any CPU.Build.0 = Release|Any CPU
	EndGlobalSection
	GlobalSection(SolutionProperties) = preSolution
		HideSolutionNode = FALSE
	EndGlobalSection
	GlobalSection(ExtensibilityGlobals) = postSolution
		SolutionGuid = {44E83A7D-BEAE-46C2-BE84-5FF2D48F3711}
	EndGlobalSection
EndGlobal
